// !$*UTF8*$!
{
	archiveVersion = 1;
	classes = {
	};
	objectVersion = 54;
	objects = {

/* Begin PBXBuildFile section */
		250CFB79C26C9D722A77955C /* Pods_OutletMac.framework in Frameworks */ = {isa = PBXBuildFile; fileRef = 50A201FFF4B039BB7466FCBD /* Pods_OutletMac.framework */; };
		CDF2F341B05938414DF3AF58 /* TreeViewController.swift in Sources */ = {isa = PBXBuildFile; fileRef = CDF2FF5B2342647B1DB6BC13 /* TreeViewController.swift */; };
		CDF2F7CB3CF7498A4A866B71 /* NodePasteboardWriter.swift in Sources */ = {isa = PBXBuildFile; fileRef = CDF2F62882A5E3AD4E615A2B /* NodePasteboardWriter.swift */; };
		CDF2F90EFCFA4C1B0B51290B /* ConnectionProblem.swift in Sources */ = {isa = PBXBuildFile; fileRef = CDF2F71637BE17683AC2033F /* ConnectionProblem.swift */; };
		CDF2FB78F343217AC2CC6B0A /* DispatchQueueExtensions.swift in Sources */ = {isa = PBXBuildFile; fileRef = CDF2FDE09D07A543DE42203C /* DispatchQueueExtensions.swift */; };
		CDF2FC51828D5D39AF021168 /* PopUpTreePanel.swift in Sources */ = {isa = PBXBuildFile; fileRef = CDF2F7461556503AE636A05E /* PopUpTreePanel.swift */; };
		CDF2FE4E8BE4CD5A8D1DDBC0 /* Bonjour.swift in Sources */ = {isa = PBXBuildFile; fileRef = CDF2F0EE2E8F9257D58AD505 /* Bonjour.swift */; };
		CDF2FF3DE36462DE6E97F3EF /* MergePreview.swift in Sources */ = {isa = PBXBuildFile; fileRef = CDF2F8AB9766F071E5450156 /* MergePreview.swift */; };
		D1175BFD25DCF25700602B7F /* ObservableObjects.swift in Sources */ = {isa = PBXBuildFile; fileRef = D1175BFC25DCF25700602B7F /* ObservableObjects.swift */; };
		D12C2CAE2601FD3100E91EC9 /* ContextMenu.swift in Sources */ = {isa = PBXBuildFile; fileRef = D12C2CAD2601FD3100E91EC9 /* ContextMenu.swift */; };
		D12C2CB12601FEB600E91EC9 /* Actions.swift in Sources */ = {isa = PBXBuildFile; fileRef = D12C2CB02601FEB600E91EC9 /* Actions.swift */; };
		D13544F82605E24800C6DADC /* GDriveRootChooser.swift in Sources */ = {isa = PBXBuildFile; fileRef = D13544F72605E24800C6DADC /* GDriveRootChooser.swift */; };
		D138ADF225BE31FC00E4F9E4 /* ContainerNode.swift in Sources */ = {isa = PBXBuildFile; fileRef = D138ADF125BE31FC00E4F9E4 /* ContainerNode.swift */; };
		D138ADF525BE342000E4F9E4 /* UserOp.swift in Sources */ = {isa = PBXBuildFile; fileRef = D138ADF425BE342000E4F9E4 /* UserOp.swift */; };
		D138ADF825BE69ED00E4F9E4 /* DecoNode.swift in Sources */ = {isa = PBXBuildFile; fileRef = D138ADF725BE69ED00E4F9E4 /* DecoNode.swift */; };
		D138ADFB25BEC35E00E4F9E4 /* Backend.swift in Sources */ = {isa = PBXBuildFile; fileRef = D138ADFA25BEC35E00E4F9E4 /* Backend.swift */; };
		D138ADFE25BFE8D100E4F9E4 /* DateUtil.swift in Sources */ = {isa = PBXBuildFile; fileRef = D138ADFD25BFE8D100E4F9E4 /* DateUtil.swift */; };
		D138AE0125BFEF8600E4F9E4 /* FilterCriteria.swift in Sources */ = {isa = PBXBuildFile; fileRef = D138AE0025BFEF8600E4F9E4 /* FilterCriteria.swift */; };
		D15E773326045B9700D63A14 /* IconStore.swift in Sources */ = {isa = PBXBuildFile; fileRef = D15E773226045B9700D63A14 /* IconStore.swift */; };
		D15E7737260572A900D63A14 /* IfView.swift in Sources */ = {isa = PBXBuildFile; fileRef = D15E7736260572A900D63A14 /* IfView.swift */; };
		D16839A525AD532800D76169 /* Outlet.pb.swift in Sources */ = {isa = PBXBuildFile; fileRef = D168399F25AD532800D76169 /* Outlet.pb.swift */; };
		D16839A925AD532800D76169 /* Node.pb.swift in Sources */ = {isa = PBXBuildFile; fileRef = D16839A325AD532800D76169 /* Node.pb.swift */; };
		D16839AA25AD532800D76169 /* Outlet.grpc.swift in Sources */ = {isa = PBXBuildFile; fileRef = D16839A125AD532800D76169 /* Outlet.grpc.swift */; };
		D16839AF25AD553A00D76169 /* OutletGRPCClient.swift in Sources */ = {isa = PBXBuildFile; fileRef = D16839AE25AD553A00D76169 /* OutletGRPCClient.swift */; };
		D16839E825AD8D0600D76169 /* SignalConstants.swift in Sources */ = {isa = PBXBuildFile; fileRef = D16839E725AD8D0600D76169 /* SignalConstants.swift */; };
		D1767FCC25B8E0A200B2A4F5 /* GDriveNode.swift in Sources */ = {isa = PBXBuildFile; fileRef = D1767FCB25B8E0A200B2A4F5 /* GDriveNode.swift */; };
		D1767FCF25BA380E00B2A4F5 /* OutletError.swift in Sources */ = {isa = PBXBuildFile; fileRef = D1767FCE25BA380E00B2A4F5 /* OutletError.swift */; };
		D1767FD225BA3A8100B2A4F5 /* DisplayTree.swift in Sources */ = {isa = PBXBuildFile; fileRef = D1767FD125BA3A8100B2A4F5 /* DisplayTree.swift */; };
		D1767FD525BA3B3800B2A4F5 /* NodeIdentifierFactory.swift in Sources */ = {isa = PBXBuildFile; fileRef = D1767FD425BA3B3800B2A4F5 /* NodeIdentifierFactory.swift */; };
		D19109A42607292E00C0D9B4 /* TreePanel.swift in Sources */ = {isa = PBXBuildFile; fileRef = D19109A32607292E00C0D9B4 /* TreePanel.swift */; };
		D19109A926072B0D00C0D9B4 /* SinglePaneView.swift in Sources */ = {isa = PBXBuildFile; fileRef = D19109A826072B0D00C0D9B4 /* SinglePaneView.swift */; };
		D194BEFB25E8F83000B4827F /* LinkedList in Frameworks */ = {isa = PBXBuildFile; productRef = D194BEFA25E8F83000B4827F /* LinkedList */; };
		D194BEFE25E9C5E800B4827F /* HoldOffTimer.swift in Sources */ = {isa = PBXBuildFile; fileRef = D194BEFD25E9C5E800B4827F /* HoldOffTimer.swift */; };
		D194BF0125E9CFC700B4827F /* TaskRunner.swift in Sources */ = {isa = PBXBuildFile; fileRef = D194BF0025E9CFC700B4827F /* TaskRunner.swift */; };
		D19B16B726158E610072F8A8 /* Device.swift in Sources */ = {isa = PBXBuildFile; fileRef = D19B16B626158E610072F8A8 /* Device.swift */; };
		D1AAE22B25A6ED63005BE680 /* TwoPaneView.swift in Sources */ = {isa = PBXBuildFile; fileRef = D1AAE22A25A6ED63005BE680 /* TwoPaneView.swift */; };
		D1AB2D0C25CA13BC00B1B539 /* HasLifecycle.swift in Sources */ = {isa = PBXBuildFile; fileRef = D1AB2D0B25CA13BC00B1B539 /* HasLifecycle.swift */; };
		D1BAC56025A193C800D951A2 /* Assets.xcassets in Resources */ = {isa = PBXBuildFile; fileRef = D1BAC55525A193C700D951A2 /* Assets.xcassets */; };
		D1BAC56725A193C800D951A2 /* OutletApp.swift in Sources */ = {isa = PBXBuildFile; fileRef = D1BAC55E25A193C800D951A2 /* OutletApp.swift */; };
		D1BAC56825A193C800D951A2 /* MainContentView.swift in Sources */ = {isa = PBXBuildFile; fileRef = D1BAC55F25A193C800D951A2 /* MainContentView.swift */; };
		D1C20DFE264489410068C3FC /* CellFactory.swift in Sources */ = {isa = PBXBuildFile; fileRef = D1C20DFD264489410068C3FC /* CellFactory.swift */; };
		D1C20E0026448D1C0068C3FC /* CellCheckboxButton.swift in Sources */ = {isa = PBXBuildFile; fileRef = D1C20DFF26448D1C0068C3FC /* CellCheckboxButton.swift */; };
		D1C20E022644912A0068C3FC /* OutlineViewFactory.swift in Sources */ = {isa = PBXBuildFile; fileRef = D1C20E012644912A0068C3FC /* OutlineViewFactory.swift */; };
		D1CB049E25B182B500556B28 /* NodeIdentifier.swift in Sources */ = {isa = PBXBuildFile; fileRef = D1CB049D25B182B500556B28 /* NodeIdentifier.swift */; };
		D1CB04A125B1832E00556B28 /* GRPCConverter.swift in Sources */ = {isa = PBXBuildFile; fileRef = D1CB04A025B1832E00556B28 /* GRPCConverter.swift */; };
		D1CB04A425B184C100556B28 /* Node.swift in Sources */ = {isa = PBXBuildFile; fileRef = D1CB04A325B184C100556B28 /* Node.swift */; };
		D1CDE54425E3628E003816CF /* DisplayStore.swift in Sources */ = {isa = PBXBuildFile; fileRef = D1CDE54325E3628E003816CF /* DisplayStore.swift */; };
		D1CDE56525E4A9DC003816CF /* outlet-icon-256.icns in Resources */ = {isa = PBXBuildFile; fileRef = D1CDE56425E4A9DC003816CF /* outlet-icon-256.icns */; };
		D1D090ED25CD3C980070B69D /* StringUtil.swift in Sources */ = {isa = PBXBuildFile; fileRef = D1D090EC25CD3C980070B69D /* StringUtil.swift */; };
		D1D8711725F1F8D60072CB97 /* main.swift in Sources */ = {isa = PBXBuildFile; fileRef = D1D8711625F1F8D60072CB97 /* main.swift */; };
		D1E913B625AA6E29008E958B /* UnwrapView.swift in Sources */ = {isa = PBXBuildFile; fileRef = D1E913B525AA6E29008E958B /* UnwrapView.swift */; };
		D1E913BA25AA735C008E958B /* TreeView.swift in Sources */ = {isa = PBXBuildFile; fileRef = D1E913B925AA735C008E958B /* TreeView.swift */; };
		D1ED5E2725C7D7A400A8E5DB /* RootPathPanel.swift in Sources */ = {isa = PBXBuildFile; fileRef = D1ED5E2625C7D7A400A8E5DB /* RootPathPanel.swift */; };
		D1ED5E2A25C7D7C200A8E5DB /* FilterPanel.swift in Sources */ = {isa = PBXBuildFile; fileRef = D1ED5E2925C7D7C200A8E5DB /* FilterPanel.swift */; };
		D1ED5E2D25C8DA7F00A8E5DB /* TreePanelController.swift in Sources */ = {isa = PBXBuildFile; fileRef = D1ED5E2C25C8DA7F00A8E5DB /* TreePanelController.swift */; };
		D1ED5E4925C946B600A8E5DB /* SignalDispatcher.swift in Sources */ = {isa = PBXBuildFile; fileRef = D1ED5E4825C946B600A8E5DB /* SignalDispatcher.swift */; };
		D1F36C3C25B54E73009498D8 /* Constants.swift in Sources */ = {isa = PBXBuildFile; fileRef = D1F36C3B25B54E73009498D8 /* Constants.swift */; };
		D1F36C3F25B59153009498D8 /* LocalNode.swift in Sources */ = {isa = PBXBuildFile; fileRef = D1F36C3E25B59153009498D8 /* LocalNode.swift */; };
		D1FCD9AB25D8EF9E000C8FF3 /* ToolbarButton.swift in Sources */ = {isa = PBXBuildFile; fileRef = D1FCD9AA25D8EF9E000C8FF3 /* ToolbarButton.swift */; };
/* End PBXBuildFile section */

/* Begin PBXFileReference section */
		11DDEECB23A6F9580014C2A6 /* OutletMac.app */ = {isa = PBXFileReference; explicitFileType = wrapper.application; includeInIndex = 0; path = OutletMac.app; sourceTree = BUILT_PRODUCTS_DIR; };
		50A201FFF4B039BB7466FCBD /* Pods_OutletMac.framework */ = {isa = PBXFileReference; explicitFileType = wrapper.framework; includeInIndex = 0; path = Pods_OutletMac.framework; sourceTree = BUILT_PRODUCTS_DIR; };
		7F9163E76F32FDC4F899A8CD /* Pods-OutletMac.release.xcconfig */ = {isa = PBXFileReference; includeInIndex = 1; lastKnownFileType = text.xcconfig; name = "Pods-OutletMac.release.xcconfig"; path = "Target Support Files/Pods-OutletMac/Pods-OutletMac.release.xcconfig"; sourceTree = "<group>"; };
		CDF2F0EE2E8F9257D58AD505 /* Bonjour.swift */ = {isa = PBXFileReference; fileEncoding = 4; lastKnownFileType = sourcecode.swift; path = Bonjour.swift; sourceTree = "<group>"; };
		CDF2F62882A5E3AD4E615A2B /* NodePasteboardWriter.swift */ = {isa = PBXFileReference; fileEncoding = 4; lastKnownFileType = sourcecode.swift; path = NodePasteboardWriter.swift; sourceTree = "<group>"; };
		CDF2F71637BE17683AC2033F /* ConnectionProblem.swift */ = {isa = PBXFileReference; fileEncoding = 4; lastKnownFileType = sourcecode.swift; path = ConnectionProblem.swift; sourceTree = "<group>"; };
		CDF2F7461556503AE636A05E /* PopUpTreePanel.swift */ = {isa = PBXFileReference; fileEncoding = 4; lastKnownFileType = sourcecode.swift; path = PopUpTreePanel.swift; sourceTree = "<group>"; };
		CDF2F8AB9766F071E5450156 /* MergePreview.swift */ = {isa = PBXFileReference; fileEncoding = 4; lastKnownFileType = sourcecode.swift; path = MergePreview.swift; sourceTree = "<group>"; };
		CDF2FDE09D07A543DE42203C /* DispatchQueueExtensions.swift */ = {isa = PBXFileReference; fileEncoding = 4; lastKnownFileType = sourcecode.swift; path = DispatchQueueExtensions.swift; sourceTree = "<group>"; };
		CDF2FF5B2342647B1DB6BC13 /* TreeViewController.swift */ = {isa = PBXFileReference; fileEncoding = 4; lastKnownFileType = sourcecode.swift; path = TreeViewController.swift; sourceTree = "<group>"; };
		D1175BFC25DCF25700602B7F /* ObservableObjects.swift */ = {isa = PBXFileReference; lastKnownFileType = sourcecode.swift; path = ObservableObjects.swift; sourceTree = "<group>"; };
		D12C2CAD2601FD3100E91EC9 /* ContextMenu.swift */ = {isa = PBXFileReference; lastKnownFileType = sourcecode.swift; path = ContextMenu.swift; sourceTree = "<group>"; };
		D12C2CB02601FEB600E91EC9 /* Actions.swift */ = {isa = PBXFileReference; lastKnownFileType = sourcecode.swift; path = Actions.swift; sourceTree = "<group>"; };
		D13544F72605E24800C6DADC /* GDriveRootChooser.swift */ = {isa = PBXFileReference; lastKnownFileType = sourcecode.swift; path = GDriveRootChooser.swift; sourceTree = "<group>"; };
		D138ADF125BE31FC00E4F9E4 /* ContainerNode.swift */ = {isa = PBXFileReference; lastKnownFileType = sourcecode.swift; path = ContainerNode.swift; sourceTree = "<group>"; };
		D138ADF425BE342000E4F9E4 /* UserOp.swift */ = {isa = PBXFileReference; lastKnownFileType = sourcecode.swift; path = UserOp.swift; sourceTree = "<group>"; };
		D138ADF725BE69ED00E4F9E4 /* DecoNode.swift */ = {isa = PBXFileReference; lastKnownFileType = sourcecode.swift; path = DecoNode.swift; sourceTree = "<group>"; };
		D138ADFA25BEC35E00E4F9E4 /* Backend.swift */ = {isa = PBXFileReference; lastKnownFileType = sourcecode.swift; path = Backend.swift; sourceTree = "<group>"; };
		D138ADFD25BFE8D100E4F9E4 /* DateUtil.swift */ = {isa = PBXFileReference; lastKnownFileType = sourcecode.swift; path = DateUtil.swift; sourceTree = "<group>"; };
		D138AE0025BFEF8600E4F9E4 /* FilterCriteria.swift */ = {isa = PBXFileReference; lastKnownFileType = sourcecode.swift; path = FilterCriteria.swift; sourceTree = "<group>"; };
		D15E773226045B9700D63A14 /* IconStore.swift */ = {isa = PBXFileReference; lastKnownFileType = sourcecode.swift; path = IconStore.swift; sourceTree = "<group>"; };
		D15E7736260572A900D63A14 /* IfView.swift */ = {isa = PBXFileReference; lastKnownFileType = sourcecode.swift; path = IfView.swift; sourceTree = "<group>"; };
		D168399F25AD532800D76169 /* Outlet.pb.swift */ = {isa = PBXFileReference; fileEncoding = 4; lastKnownFileType = sourcecode.swift; path = Outlet.pb.swift; sourceTree = "<group>"; };
		D16839A125AD532800D76169 /* Outlet.grpc.swift */ = {isa = PBXFileReference; fileEncoding = 4; lastKnownFileType = sourcecode.swift; path = Outlet.grpc.swift; sourceTree = "<group>"; };
		D16839A325AD532800D76169 /* Node.pb.swift */ = {isa = PBXFileReference; fileEncoding = 4; lastKnownFileType = sourcecode.swift; path = Node.pb.swift; sourceTree = "<group>"; };
		D16839AE25AD553A00D76169 /* OutletGRPCClient.swift */ = {isa = PBXFileReference; fileEncoding = 4; lastKnownFileType = sourcecode.swift; path = OutletGRPCClient.swift; sourceTree = "<group>"; };
		D16839E725AD8D0600D76169 /* SignalConstants.swift */ = {isa = PBXFileReference; lastKnownFileType = sourcecode.swift; path = SignalConstants.swift; sourceTree = "<group>"; };
		D1767FCB25B8E0A200B2A4F5 /* GDriveNode.swift */ = {isa = PBXFileReference; lastKnownFileType = sourcecode.swift; path = GDriveNode.swift; sourceTree = "<group>"; };
		D1767FCE25BA380E00B2A4F5 /* OutletError.swift */ = {isa = PBXFileReference; lastKnownFileType = sourcecode.swift; path = OutletError.swift; sourceTree = "<group>"; };
		D1767FD125BA3A8100B2A4F5 /* DisplayTree.swift */ = {isa = PBXFileReference; lastKnownFileType = sourcecode.swift; path = DisplayTree.swift; sourceTree = "<group>"; };
		D1767FD425BA3B3800B2A4F5 /* NodeIdentifierFactory.swift */ = {isa = PBXFileReference; lastKnownFileType = sourcecode.swift; path = NodeIdentifierFactory.swift; sourceTree = "<group>"; };
		D19109A32607292E00C0D9B4 /* TreePanel.swift */ = {isa = PBXFileReference; lastKnownFileType = sourcecode.swift; path = TreePanel.swift; sourceTree = "<group>"; };
		D19109A826072B0D00C0D9B4 /* SinglePaneView.swift */ = {isa = PBXFileReference; lastKnownFileType = sourcecode.swift; path = SinglePaneView.swift; sourceTree = "<group>"; };
		D194BEFD25E9C5E800B4827F /* HoldOffTimer.swift */ = {isa = PBXFileReference; lastKnownFileType = sourcecode.swift; path = HoldOffTimer.swift; sourceTree = "<group>"; };
		D194BF0025E9CFC700B4827F /* TaskRunner.swift */ = {isa = PBXFileReference; lastKnownFileType = sourcecode.swift; path = TaskRunner.swift; sourceTree = "<group>"; };
		D19B16B626158E610072F8A8 /* Device.swift */ = {isa = PBXFileReference; lastKnownFileType = sourcecode.swift; path = Device.swift; sourceTree = "<group>"; };
		D1AAE22A25A6ED63005BE680 /* TwoPaneView.swift */ = {isa = PBXFileReference; lastKnownFileType = sourcecode.swift; path = TwoPaneView.swift; sourceTree = "<group>"; };
		D1AB2D0B25CA13BC00B1B539 /* HasLifecycle.swift */ = {isa = PBXFileReference; lastKnownFileType = sourcecode.swift; path = HasLifecycle.swift; sourceTree = "<group>"; };
		D1BAC55525A193C700D951A2 /* Assets.xcassets */ = {isa = PBXFileReference; lastKnownFileType = folder.assetcatalog; path = Assets.xcassets; sourceTree = "<group>"; };
		D1BAC55C25A193C800D951A2 /* Info.plist */ = {isa = PBXFileReference; fileEncoding = 4; lastKnownFileType = text.plist.xml; path = Info.plist; sourceTree = "<group>"; };
		D1BAC55D25A193C800D951A2 /* OutletMac.entitlements */ = {isa = PBXFileReference; fileEncoding = 4; lastKnownFileType = text.plist.entitlements; path = OutletMac.entitlements; sourceTree = "<group>"; };
		D1BAC55E25A193C800D951A2 /* OutletApp.swift */ = {isa = PBXFileReference; fileEncoding = 4; lastKnownFileType = sourcecode.swift; path = OutletApp.swift; sourceTree = "<group>"; };
		D1BAC55F25A193C800D951A2 /* MainContentView.swift */ = {isa = PBXFileReference; fileEncoding = 4; lastKnownFileType = sourcecode.swift; path = MainContentView.swift; sourceTree = "<group>"; };
		D1C20DFD264489410068C3FC /* CellFactory.swift */ = {isa = PBXFileReference; lastKnownFileType = sourcecode.swift; path = CellFactory.swift; sourceTree = "<group>"; };
		D1C20DFF26448D1C0068C3FC /* CellCheckboxButton.swift */ = {isa = PBXFileReference; lastKnownFileType = sourcecode.swift; path = CellCheckboxButton.swift; sourceTree = "<group>"; };
		D1C20E012644912A0068C3FC /* OutlineViewFactory.swift */ = {isa = PBXFileReference; lastKnownFileType = sourcecode.swift; path = OutlineViewFactory.swift; sourceTree = "<group>"; };
		D1CB049D25B182B500556B28 /* NodeIdentifier.swift */ = {isa = PBXFileReference; lastKnownFileType = sourcecode.swift; path = NodeIdentifier.swift; sourceTree = "<group>"; };
		D1CB04A025B1832E00556B28 /* GRPCConverter.swift */ = {isa = PBXFileReference; lastKnownFileType = sourcecode.swift; path = GRPCConverter.swift; sourceTree = "<group>"; };
		D1CB04A325B184C100556B28 /* Node.swift */ = {isa = PBXFileReference; lastKnownFileType = sourcecode.swift; path = Node.swift; sourceTree = "<group>"; };
		D1CDE54325E3628E003816CF /* DisplayStore.swift */ = {isa = PBXFileReference; lastKnownFileType = sourcecode.swift; path = DisplayStore.swift; sourceTree = "<group>"; };
		D1CDE56425E4A9DC003816CF /* outlet-icon-256.icns */ = {isa = PBXFileReference; lastKnownFileType = image.icns; path = "outlet-icon-256.icns"; sourceTree = "<group>"; };
		D1D090EC25CD3C980070B69D /* StringUtil.swift */ = {isa = PBXFileReference; lastKnownFileType = sourcecode.swift; path = StringUtil.swift; sourceTree = "<group>"; };
		D1D8711625F1F8D60072CB97 /* main.swift */ = {isa = PBXFileReference; lastKnownFileType = sourcecode.swift; path = main.swift; sourceTree = "<group>"; };
		D1E913B525AA6E29008E958B /* UnwrapView.swift */ = {isa = PBXFileReference; lastKnownFileType = sourcecode.swift; path = UnwrapView.swift; sourceTree = "<group>"; };
		D1E913B925AA735C008E958B /* TreeView.swift */ = {isa = PBXFileReference; lastKnownFileType = sourcecode.swift; path = TreeView.swift; sourceTree = "<group>"; };
		D1ED5E2625C7D7A400A8E5DB /* RootPathPanel.swift */ = {isa = PBXFileReference; lastKnownFileType = sourcecode.swift; path = RootPathPanel.swift; sourceTree = "<group>"; };
		D1ED5E2925C7D7C200A8E5DB /* FilterPanel.swift */ = {isa = PBXFileReference; lastKnownFileType = sourcecode.swift; path = FilterPanel.swift; sourceTree = "<group>"; };
		D1ED5E2C25C8DA7F00A8E5DB /* TreePanelController.swift */ = {isa = PBXFileReference; lastKnownFileType = sourcecode.swift; path = TreePanelController.swift; sourceTree = "<group>"; };
		D1ED5E4825C946B600A8E5DB /* SignalDispatcher.swift */ = {isa = PBXFileReference; lastKnownFileType = sourcecode.swift; path = SignalDispatcher.swift; sourceTree = "<group>"; };
		D1F36C3B25B54E73009498D8 /* Constants.swift */ = {isa = PBXFileReference; lastKnownFileType = sourcecode.swift; path = Constants.swift; sourceTree = "<group>"; };
		D1F36C3E25B59153009498D8 /* LocalNode.swift */ = {isa = PBXFileReference; lastKnownFileType = sourcecode.swift; path = LocalNode.swift; sourceTree = "<group>"; };
		D1FCD9AA25D8EF9E000C8FF3 /* ToolbarButton.swift */ = {isa = PBXFileReference; lastKnownFileType = sourcecode.swift; path = ToolbarButton.swift; sourceTree = "<group>"; };
		E31A382CA56AD9D67A485824 /* Pods-OutletMac.debug.xcconfig */ = {isa = PBXFileReference; includeInIndex = 1; lastKnownFileType = text.xcconfig; name = "Pods-OutletMac.debug.xcconfig"; path = "Target Support Files/Pods-OutletMac/Pods-OutletMac.debug.xcconfig"; sourceTree = "<group>"; };
/* End PBXFileReference section */

/* Begin PBXFrameworksBuildPhase section */
		11DDEEC823A6F9580014C2A6 /* Frameworks */ = {
			isa = PBXFrameworksBuildPhase;
			buildActionMask = 2147483647;
			files = (
				250CFB79C26C9D722A77955C /* Pods_OutletMac.framework in Frameworks */,
				D194BEFB25E8F83000B4827F /* LinkedList in Frameworks */,
			);
			runOnlyForDeploymentPostprocessing = 0;
		};
/* End PBXFrameworksBuildPhase section */

/* Begin PBXGroup section */
		11DDEEC223A6F9580014C2A6 = {
			isa = PBXGroup;
			children = (
				11DDEECD23A6F9580014C2A6 /* OutletMac */,
				11DDEECC23A6F9580014C2A6 /* Products */,
				AF70D03E5BE3D869EFAED087 /* Pods */,
				4A85D5C8E87F106F79702B9F /* Frameworks */,
			);
			sourceTree = "<group>";
		};
		11DDEECC23A6F9580014C2A6 /* Products */ = {
			isa = PBXGroup;
			children = (
				11DDEECB23A6F9580014C2A6 /* OutletMac.app */,
			);
			name = Products;
			sourceTree = "<group>";
		};
		11DDEECD23A6F9580014C2A6 /* OutletMac */ = {
			isa = PBXGroup;
			children = (
				D1CDE56425E4A9DC003816CF /* outlet-icon-256.icns */,
				D1ED5E2425C7D75D00A8E5DB /* UI */,
				D1CB049C25B182A000556B28 /* Model */,
				D168399E25AD532800D76169 /* grpc */,
				D1BAC55E25A193C800D951A2 /* OutletApp.swift */,
				D1BAC55525A193C700D951A2 /* Assets.xcassets */,
				D1BAC55C25A193C800D951A2 /* Info.plist */,
				D1BAC55D25A193C800D951A2 /* OutletMac.entitlements */,
				D1F36C3B25B54E73009498D8 /* Constants.swift */,
				D138ADFA25BEC35E00E4F9E4 /* Backend.swift */,
				D138ADFD25BFE8D100E4F9E4 /* DateUtil.swift */,
				D1ED5E4825C946B600A8E5DB /* SignalDispatcher.swift */,
				D1AB2D0B25CA13BC00B1B539 /* HasLifecycle.swift */,
				D1D090EC25CD3C980070B69D /* StringUtil.swift */,
				D194BEFD25E9C5E800B4827F /* HoldOffTimer.swift */,
				D194BF0025E9CFC700B4827F /* TaskRunner.swift */,
				D1D8711625F1F8D60072CB97 /* main.swift */,
				D15E773226045B9700D63A14 /* IconStore.swift */,
				CDF2F0EE2E8F9257D58AD505 /* Bonjour.swift */,
				CDF2FDE09D07A543DE42203C /* DispatchQueueExtensions.swift */,
			);
			path = OutletMac;
			sourceTree = "<group>";
		};
		4A85D5C8E87F106F79702B9F /* Frameworks */ = {
			isa = PBXGroup;
			children = (
				50A201FFF4B039BB7466FCBD /* Pods_OutletMac.framework */,
			);
			name = Frameworks;
			sourceTree = "<group>";
		};
		AF70D03E5BE3D869EFAED087 /* Pods */ = {
			isa = PBXGroup;
			children = (
				E31A382CA56AD9D67A485824 /* Pods-OutletMac.debug.xcconfig */,
				7F9163E76F32FDC4F899A8CD /* Pods-OutletMac.release.xcconfig */,
			);
			path = Pods;
			sourceTree = "<group>";
		};
		D1175BFF25DCF27300602B7F /* View */ = {
			isa = PBXGroup;
			children = (
				D19109A7260729F600C0D9B4 /* TreePanel */,
				D1ED5E2525C7D78700A8E5DB /* Component */,
				D1BAC55F25A193C800D951A2 /* MainContentView.swift */,
				D1AAE22A25A6ED63005BE680 /* TwoPaneView.swift */,
				D13544F72605E24800C6DADC /* GDriveRootChooser.swift */,
				D19109A826072B0D00C0D9B4 /* SinglePaneView.swift */,
				CDF2F71637BE17683AC2033F /* ConnectionProblem.swift */,
			);
			path = View;
			sourceTree = "<group>";
		};
		D168399E25AD532800D76169 /* grpc */ = {
			isa = PBXGroup;
			children = (
				D16839AE25AD553A00D76169 /* OutletGRPCClient.swift */,
				D16839AD25AD551100D76169 /* generated */,
				D16839E725AD8D0600D76169 /* SignalConstants.swift */,
				D1CB04A025B1832E00556B28 /* GRPCConverter.swift */,
			);
			path = grpc;
			sourceTree = "<group>";
		};
		D16839AD25AD551100D76169 /* generated */ = {
			isa = PBXGroup;
			children = (
				D168399F25AD532800D76169 /* Outlet.pb.swift */,
				D16839A325AD532800D76169 /* Node.pb.swift */,
				D16839A125AD532800D76169 /* Outlet.grpc.swift */,
			);
			path = generated;
			sourceTree = "<group>";
		};
		D19109A7260729F600C0D9B4 /* TreePanel */ = {
			isa = PBXGroup;
			children = (
				D1E913B825AA7342008E958B /* TreeView */,
				D1ED5E2625C7D7A400A8E5DB /* RootPathPanel.swift */,
				D1ED5E2925C7D7C200A8E5DB /* FilterPanel.swift */,
				D19109A32607292E00C0D9B4 /* TreePanel.swift */,
				CDF2F8AB9766F071E5450156 /* MergePreview.swift */,
				CDF2F7461556503AE636A05E /* PopUpTreePanel.swift */,
			);
			path = TreePanel;
			sourceTree = "<group>";
		};
		D1CB049C25B182A000556B28 /* Model */ = {
			isa = PBXGroup;
			children = (
				D1CB049D25B182B500556B28 /* NodeIdentifier.swift */,
				D1CB04A325B184C100556B28 /* Node.swift */,
				D1F36C3E25B59153009498D8 /* LocalNode.swift */,
				D1767FCB25B8E0A200B2A4F5 /* GDriveNode.swift */,
				D1767FCE25BA380E00B2A4F5 /* OutletError.swift */,
				D1767FD125BA3A8100B2A4F5 /* DisplayTree.swift */,
				D1767FD425BA3B3800B2A4F5 /* NodeIdentifierFactory.swift */,
				D138ADF125BE31FC00E4F9E4 /* ContainerNode.swift */,
				D138ADF425BE342000E4F9E4 /* UserOp.swift */,
				D138ADF725BE69ED00E4F9E4 /* DecoNode.swift */,
				D138AE0025BFEF8600E4F9E4 /* FilterCriteria.swift */,
				D19B16B626158E610072F8A8 /* Device.swift */,
			);
			path = Model;
			sourceTree = "<group>";
		};
		D1E913B825AA7342008E958B /* TreeView */ = {
			isa = PBXGroup;
			children = (
				D1E913B925AA735C008E958B /* TreeView.swift */,
				D1CDE54325E3628E003816CF /* DisplayStore.swift */,
				D12C2CAD2601FD3100E91EC9 /* ContextMenu.swift */,
				D12C2CB02601FEB600E91EC9 /* Actions.swift */,
				D1C20DFD264489410068C3FC /* CellFactory.swift */,
				D1C20DFF26448D1C0068C3FC /* CellCheckboxButton.swift */,
				D1C20E012644912A0068C3FC /* OutlineViewFactory.swift */,
				CDF2FF5B2342647B1DB6BC13 /* TreeViewController.swift */,
				CDF2F62882A5E3AD4E615A2B /* NodePasteboardWriter.swift */,
			);
			path = TreeView;
			sourceTree = "<group>";
		};
		D1ED5E2425C7D75D00A8E5DB /* UI */ = {
			isa = PBXGroup;
			children = (
				D1175BFF25DCF27300602B7F /* View */,
				D1175BFC25DCF25700602B7F /* ObservableObjects.swift */,
				D1ED5E2C25C8DA7F00A8E5DB /* TreePanelController.swift */,
			);
			path = UI;
			sourceTree = "<group>";
		};
		D1ED5E2525C7D78700A8E5DB /* Component */ = {
			isa = PBXGroup;
			children = (
				D15E7736260572A900D63A14 /* IfView.swift */,
				D1E913B525AA6E29008E958B /* UnwrapView.swift */,
				D1FCD9AA25D8EF9E000C8FF3 /* ToolbarButton.swift */,
			);
			path = Component;
			sourceTree = "<group>";
		};
/* End PBXGroup section */

/* Begin PBXNativeTarget section */
		11DDEECA23A6F9580014C2A6 /* OutletMac */ = {
			isa = PBXNativeTarget;
			buildConfigurationList = 11DDEEDB23A6F9590014C2A6 /* Build configuration list for PBXNativeTarget "OutletMac" */;
			buildPhases = (
				C9B28393C8FA0BD63B84594E /* [CP] Check Pods Manifest.lock */,
				11DDEEC723A6F9580014C2A6 /* Sources */,
				11DDEEC823A6F9580014C2A6 /* Frameworks */,
				11DDEEC923A6F9580014C2A6 /* Resources */,
				E8CA40111CF2ED333ED7227F /* [CP] Embed Pods Frameworks */,
			);
			buildRules = (
			);
			dependencies = (
			);
			name = OutletMac;
			packageProductDependencies = (
				D194BEFA25E8F83000B4827F /* LinkedList */,
			);
			productName = tree_viewer;
			productReference = 11DDEECB23A6F9580014C2A6 /* OutletMac.app */;
			productType = "com.apple.product-type.application";
		};
/* End PBXNativeTarget section */

/* Begin PBXProject section */
		11DDEEC323A6F9580014C2A6 /* Project object */ = {
			isa = PBXProject;
			attributes = {
				LastSwiftUpdateCheck = 1120;
				LastUpgradeCheck = 1240;
				ORGANIZATIONNAME = "Matt Svoboda";
				TargetAttributes = {
					11DDEECA23A6F9580014C2A6 = {
						CreatedOnToolsVersion = 11.2.1;
						LastSwiftMigration = 1230;
					};
				};
			};
			buildConfigurationList = 11DDEEC623A6F9580014C2A6 /* Build configuration list for PBXProject "OutletMac" */;
			compatibilityVersion = "Xcode 12.0";
			developmentRegion = en;
			hasScannedForEncodings = 0;
			knownRegions = (
				en,
				Base,
			);
			mainGroup = 11DDEEC223A6F9580014C2A6;
			packageReferences = (
				D194BEF925E8F83000B4827F /* XCRemoteSwiftPackageReference "LinkedList.git" */,
			);
			productRefGroup = 11DDEECC23A6F9580014C2A6 /* Products */;
			projectDirPath = "";
			projectRoot = "";
			targets = (
				11DDEECA23A6F9580014C2A6 /* OutletMac */,
			);
		};
/* End PBXProject section */

/* Begin PBXResourcesBuildPhase section */
		11DDEEC923A6F9580014C2A6 /* Resources */ = {
			isa = PBXResourcesBuildPhase;
			buildActionMask = 2147483647;
			files = (
				D1BAC56025A193C800D951A2 /* Assets.xcassets in Resources */,
				D1CDE56525E4A9DC003816CF /* outlet-icon-256.icns in Resources */,
			);
			runOnlyForDeploymentPostprocessing = 0;
		};
/* End PBXResourcesBuildPhase section */

/* Begin PBXShellScriptBuildPhase section */
		C9B28393C8FA0BD63B84594E /* [CP] Check Pods Manifest.lock */ = {
			isa = PBXShellScriptBuildPhase;
			buildActionMask = 2147483647;
			files = (
			);
			inputFileListPaths = (
			);
			inputPaths = (
				"${PODS_PODFILE_DIR_PATH}/Podfile.lock",
				"${PODS_ROOT}/Manifest.lock",
			);
			name = "[CP] Check Pods Manifest.lock";
			outputFileListPaths = (
			);
			outputPaths = (
				"$(DERIVED_FILE_DIR)/Pods-OutletMac-checkManifestLockResult.txt",
			);
			runOnlyForDeploymentPostprocessing = 0;
			shellPath = /bin/sh;
			shellScript = "diff \"${PODS_PODFILE_DIR_PATH}/Podfile.lock\" \"${PODS_ROOT}/Manifest.lock\" > /dev/null\nif [ $? != 0 ] ; then\n    # print error to STDERR\n    echo \"error: The sandbox is not in sync with the Podfile.lock. Run 'pod install' or update your CocoaPods installation.\" >&2\n    exit 1\nfi\n# This output is used by Xcode 'outputs' to avoid re-running this script phase.\necho \"SUCCESS\" > \"${SCRIPT_OUTPUT_FILE_0}\"\n";
			showEnvVarsInLog = 0;
		};
		E8CA40111CF2ED333ED7227F /* [CP] Embed Pods Frameworks */ = {
			isa = PBXShellScriptBuildPhase;
			buildActionMask = 2147483647;
			files = (
			);
			inputFileListPaths = (
				"${PODS_ROOT}/Target Support Files/Pods-OutletMac/Pods-OutletMac-frameworks-${CONFIGURATION}-input-files.xcfilelist",
			);
			name = "[CP] Embed Pods Frameworks";
			outputFileListPaths = (
				"${PODS_ROOT}/Target Support Files/Pods-OutletMac/Pods-OutletMac-frameworks-${CONFIGURATION}-output-files.xcfilelist",
			);
			runOnlyForDeploymentPostprocessing = 0;
			shellPath = /bin/sh;
			shellScript = "\"${PODS_ROOT}/Target Support Files/Pods-OutletMac/Pods-OutletMac-frameworks.sh\"\n";
			showEnvVarsInLog = 0;
		};
/* End PBXShellScriptBuildPhase section */

/* Begin PBXSourcesBuildPhase section */
		11DDEEC723A6F9580014C2A6 /* Sources */ = {
			isa = PBXSourcesBuildPhase;
			buildActionMask = 2147483647;
			files = (
				D1BAC56725A193C800D951A2 /* OutletApp.swift in Sources */,
				D16839A525AD532800D76169 /* Outlet.pb.swift in Sources */,
				D19B16B726158E610072F8A8 /* Device.swift in Sources */,
				D1ED5E2725C7D7A400A8E5DB /* RootPathPanel.swift in Sources */,
				D16839E825AD8D0600D76169 /* SignalConstants.swift in Sources */,
				D1ED5E2A25C7D7C200A8E5DB /* FilterPanel.swift in Sources */,
				D1AB2D0C25CA13BC00B1B539 /* HasLifecycle.swift in Sources */,
				D1FCD9AB25D8EF9E000C8FF3 /* ToolbarButton.swift in Sources */,
				D1767FD525BA3B3800B2A4F5 /* NodeIdentifierFactory.swift in Sources */,
				D1175BFD25DCF25700602B7F /* ObservableObjects.swift in Sources */,
				D15E7737260572A900D63A14 /* IfView.swift in Sources */,
				D1767FCF25BA380E00B2A4F5 /* OutletError.swift in Sources */,
				D13544F82605E24800C6DADC /* GDriveRootChooser.swift in Sources */,
				D138ADF525BE342000E4F9E4 /* UserOp.swift in Sources */,
				D1CDE54425E3628E003816CF /* DisplayStore.swift in Sources */,
				D138ADF825BE69ED00E4F9E4 /* DecoNode.swift in Sources */,
				D1ED5E4925C946B600A8E5DB /* SignalDispatcher.swift in Sources */,
				D12C2CAE2601FD3100E91EC9 /* ContextMenu.swift in Sources */,
				D1E913BA25AA735C008E958B /* TreeView.swift in Sources */,
				D138AE0125BFEF8600E4F9E4 /* FilterCriteria.swift in Sources */,
				D1CB049E25B182B500556B28 /* NodeIdentifier.swift in Sources */,
				D194BEFE25E9C5E800B4827F /* HoldOffTimer.swift in Sources */,
				D1E913B625AA6E29008E958B /* UnwrapView.swift in Sources */,
				D1CB04A125B1832E00556B28 /* GRPCConverter.swift in Sources */,
				D1BAC56825A193C800D951A2 /* MainContentView.swift in Sources */,
				D19109A926072B0D00C0D9B4 /* SinglePaneView.swift in Sources */,
				D138ADFB25BEC35E00E4F9E4 /* Backend.swift in Sources */,
				D1ED5E2D25C8DA7F00A8E5DB /* TreePanelController.swift in Sources */,
				D1D8711725F1F8D60072CB97 /* main.swift in Sources */,
				D1C20DFE264489410068C3FC /* CellFactory.swift in Sources */,
				D194BF0125E9CFC700B4827F /* TaskRunner.swift in Sources */,
				D1F36C3C25B54E73009498D8 /* Constants.swift in Sources */,
				D1CB04A425B184C100556B28 /* Node.swift in Sources */,
				D1767FD225BA3A8100B2A4F5 /* DisplayTree.swift in Sources */,
				D1D090ED25CD3C980070B69D /* StringUtil.swift in Sources */,
				D138ADF225BE31FC00E4F9E4 /* ContainerNode.swift in Sources */,
				D138ADFE25BFE8D100E4F9E4 /* DateUtil.swift in Sources */,
				D1C20E0026448D1C0068C3FC /* CellCheckboxButton.swift in Sources */,
				D1AAE22B25A6ED63005BE680 /* TwoPaneView.swift in Sources */,
				D1F36C3F25B59153009498D8 /* LocalNode.swift in Sources */,
				D12C2CB12601FEB600E91EC9 /* Actions.swift in Sources */,
				D16839A925AD532800D76169 /* Node.pb.swift in Sources */,
				D15E773326045B9700D63A14 /* IconStore.swift in Sources */,
				D1767FCC25B8E0A200B2A4F5 /* GDriveNode.swift in Sources */,
				D16839AA25AD532800D76169 /* Outlet.grpc.swift in Sources */,
				D1C20E022644912A0068C3FC /* OutlineViewFactory.swift in Sources */,
				D19109A42607292E00C0D9B4 /* TreePanel.swift in Sources */,
				D16839AF25AD553A00D76169 /* OutletGRPCClient.swift in Sources */,
				CDF2FF3DE36462DE6E97F3EF /* MergePreview.swift in Sources */,
				CDF2FC51828D5D39AF021168 /* PopUpTreePanel.swift in Sources */,
				CDF2F341B05938414DF3AF58 /* TreeViewController.swift in Sources */,
				CDF2F7CB3CF7498A4A866B71 /* NodePasteboardWriter.swift in Sources */,
				CDF2F90EFCFA4C1B0B51290B /* ConnectionProblem.swift in Sources */,
				CDF2FE4E8BE4CD5A8D1DDBC0 /* Bonjour.swift in Sources */,
				CDF2FB78F343217AC2CC6B0A /* DispatchQueueExtensions.swift in Sources */,
			);
			runOnlyForDeploymentPostprocessing = 0;
		};
/* End PBXSourcesBuildPhase section */

/* Begin XCBuildConfiguration section */
		11DDEED923A6F9590014C2A6 /* Debug */ = {
			isa = XCBuildConfiguration;
			buildSettings = {
				ALWAYS_SEARCH_USER_PATHS = NO;
				CLANG_ANALYZER_NONNULL = YES;
				CLANG_ANALYZER_NUMBER_OBJECT_CONVERSION = YES_AGGRESSIVE;
				CLANG_CXX_LANGUAGE_STANDARD = "gnu++14";
				CLANG_CXX_LIBRARY = "libc++";
				CLANG_ENABLE_MODULES = YES;
				CLANG_ENABLE_OBJC_ARC = YES;
				CLANG_ENABLE_OBJC_WEAK = YES;
				CLANG_WARN_BLOCK_CAPTURE_AUTORELEASING = YES;
				CLANG_WARN_BOOL_CONVERSION = YES;
				CLANG_WARN_COMMA = YES;
				CLANG_WARN_CONSTANT_CONVERSION = YES;
				CLANG_WARN_DEPRECATED_OBJC_IMPLEMENTATIONS = YES;
				CLANG_WARN_DIRECT_OBJC_ISA_USAGE = YES_ERROR;
				CLANG_WARN_DOCUMENTATION_COMMENTS = YES;
				CLANG_WARN_EMPTY_BODY = YES;
				CLANG_WARN_ENUM_CONVERSION = YES;
				CLANG_WARN_INFINITE_RECURSION = YES;
				CLANG_WARN_INT_CONVERSION = YES;
				CLANG_WARN_NON_LITERAL_NULL_CONVERSION = YES;
				CLANG_WARN_OBJC_IMPLICIT_RETAIN_SELF = YES;
				CLANG_WARN_OBJC_LITERAL_CONVERSION = YES;
				CLANG_WARN_OBJC_ROOT_CLASS = YES_ERROR;
				CLANG_WARN_QUOTED_INCLUDE_IN_FRAMEWORK_HEADER = YES;
				CLANG_WARN_RANGE_LOOP_ANALYSIS = YES;
				CLANG_WARN_STRICT_PROTOTYPES = YES;
				CLANG_WARN_SUSPICIOUS_MOVE = YES;
				CLANG_WARN_UNGUARDED_AVAILABILITY = YES_AGGRESSIVE;
				CLANG_WARN_UNREACHABLE_CODE = YES;
				CLANG_WARN__DUPLICATE_METHOD_MATCH = YES;
				COPY_PHASE_STRIP = NO;
				DEBUG_INFORMATION_FORMAT = dwarf;
				ENABLE_STRICT_OBJC_MSGSEND = YES;
				ENABLE_TESTABILITY = YES;
				GCC_C_LANGUAGE_STANDARD = gnu11;
				GCC_DYNAMIC_NO_PIC = NO;
				GCC_NO_COMMON_BLOCKS = YES;
				GCC_OPTIMIZATION_LEVEL = 0;
				GCC_PREPROCESSOR_DEFINITIONS = (
					"DEBUG=1",
					"$(inherited)",
				);
				GCC_WARN_64_TO_32_BIT_CONVERSION = YES;
				GCC_WARN_ABOUT_RETURN_TYPE = YES_ERROR;
				GCC_WARN_UNDECLARED_SELECTOR = YES;
				GCC_WARN_UNINITIALIZED_AUTOS = YES_AGGRESSIVE;
				GCC_WARN_UNUSED_FUNCTION = YES;
				GCC_WARN_UNUSED_VARIABLE = YES;
				MACOSX_DEPLOYMENT_TARGET = 11.3;
				MTL_ENABLE_DEBUG_INFO = INCLUDE_SOURCE;
				MTL_FAST_MATH = YES;
				ONLY_ACTIVE_ARCH = YES;
				SDKROOT = macosx;
				SWIFT_ACTIVE_COMPILATION_CONDITIONS = DEBUG;
				SWIFT_OPTIMIZATION_LEVEL = "-Onone";
				SWIFT_VERSION = 5.0;
			};
			name = Debug;
		};
		11DDEEDA23A6F9590014C2A6 /* Release */ = {
			isa = XCBuildConfiguration;
			buildSettings = {
				ALWAYS_SEARCH_USER_PATHS = NO;
				CLANG_ANALYZER_NONNULL = YES;
				CLANG_ANALYZER_NUMBER_OBJECT_CONVERSION = YES_AGGRESSIVE;
				CLANG_CXX_LANGUAGE_STANDARD = "gnu++14";
				CLANG_CXX_LIBRARY = "libc++";
				CLANG_ENABLE_MODULES = YES;
				CLANG_ENABLE_OBJC_ARC = YES;
				CLANG_ENABLE_OBJC_WEAK = YES;
				CLANG_WARN_BLOCK_CAPTURE_AUTORELEASING = YES;
				CLANG_WARN_BOOL_CONVERSION = YES;
				CLANG_WARN_COMMA = YES;
				CLANG_WARN_CONSTANT_CONVERSION = YES;
				CLANG_WARN_DEPRECATED_OBJC_IMPLEMENTATIONS = YES;
				CLANG_WARN_DIRECT_OBJC_ISA_USAGE = YES_ERROR;
				CLANG_WARN_DOCUMENTATION_COMMENTS = YES;
				CLANG_WARN_EMPTY_BODY = YES;
				CLANG_WARN_ENUM_CONVERSION = YES;
				CLANG_WARN_INFINITE_RECURSION = YES;
				CLANG_WARN_INT_CONVERSION = YES;
				CLANG_WARN_NON_LITERAL_NULL_CONVERSION = YES;
				CLANG_WARN_OBJC_IMPLICIT_RETAIN_SELF = YES;
				CLANG_WARN_OBJC_LITERAL_CONVERSION = YES;
				CLANG_WARN_OBJC_ROOT_CLASS = YES_ERROR;
				CLANG_WARN_QUOTED_INCLUDE_IN_FRAMEWORK_HEADER = YES;
				CLANG_WARN_RANGE_LOOP_ANALYSIS = YES;
				CLANG_WARN_STRICT_PROTOTYPES = YES;
				CLANG_WARN_SUSPICIOUS_MOVE = YES;
				CLANG_WARN_UNGUARDED_AVAILABILITY = YES_AGGRESSIVE;
				CLANG_WARN_UNREACHABLE_CODE = YES;
				CLANG_WARN__DUPLICATE_METHOD_MATCH = YES;
				COPY_PHASE_STRIP = NO;
				DEBUG_INFORMATION_FORMAT = "dwarf-with-dsym";
				ENABLE_NS_ASSERTIONS = NO;
				ENABLE_STRICT_OBJC_MSGSEND = YES;
				GCC_C_LANGUAGE_STANDARD = gnu11;
				GCC_NO_COMMON_BLOCKS = YES;
				GCC_WARN_64_TO_32_BIT_CONVERSION = YES;
				GCC_WARN_ABOUT_RETURN_TYPE = YES_ERROR;
				GCC_WARN_UNDECLARED_SELECTOR = YES;
				GCC_WARN_UNINITIALIZED_AUTOS = YES_AGGRESSIVE;
				GCC_WARN_UNUSED_FUNCTION = YES;
				GCC_WARN_UNUSED_VARIABLE = YES;
				MACOSX_DEPLOYMENT_TARGET = 11.3;
				MTL_ENABLE_DEBUG_INFO = NO;
				MTL_FAST_MATH = YES;
				SDKROOT = macosx;
				SWIFT_COMPILATION_MODE = wholemodule;
				SWIFT_OPTIMIZATION_LEVEL = "-O";
				SWIFT_VERSION = 5.0;
			};
			name = Release;
		};
		11DDEEDC23A6F9590014C2A6 /* Debug */ = {
			isa = XCBuildConfiguration;
			baseConfigurationReference = E31A382CA56AD9D67A485824 /* Pods-OutletMac.debug.xcconfig */;
			buildSettings = {
				ASSETCATALOG_COMPILER_APPICON_NAME = AppIcon;
				CLANG_ENABLE_MODULES = YES;
				CODE_SIGN_ENTITLEMENTS = OutletMac/OutletMac.entitlements;
				CODE_SIGN_IDENTITY = "Apple Development";
				CODE_SIGN_STYLE = Automatic;
				COMBINE_HIDPI_IMAGES = YES;
				DEVELOPMENT_TEAM = PG2MG2559L;
				ENABLE_HARDENED_RUNTIME = YES;
				INFOPLIST_FILE = "$(SRCROOT)/OutletMac/Info.plist";
				LD_RUNPATH_SEARCH_PATHS = (
					"$(inherited)",
					"@executable_path/../Frameworks",
				);
				MACOSX_DEPLOYMENT_TARGET = 11.3;
				PRODUCT_BUNDLE_IDENTIFIER = com.msvoboda.outlet;
				PRODUCT_NAME = "$(TARGET_NAME)";
				SWIFT_OBJC_BRIDGING_HEADER = "";
				SWIFT_OPTIMIZATION_LEVEL = "-Onone";
				SWIFT_VERSION = 5.0;
			};
			name = Debug;
		};
		11DDEEDD23A6F9590014C2A6 /* Release */ = {
			isa = XCBuildConfiguration;
			baseConfigurationReference = 7F9163E76F32FDC4F899A8CD /* Pods-OutletMac.release.xcconfig */;
			buildSettings = {
				ASSETCATALOG_COMPILER_APPICON_NAME = AppIcon;
				CLANG_ENABLE_MODULES = YES;
				CODE_SIGN_ENTITLEMENTS = OutletMac/OutletMac.entitlements;
				CODE_SIGN_IDENTITY = "Apple Development";
				CODE_SIGN_STYLE = Automatic;
				COMBINE_HIDPI_IMAGES = YES;
				DEVELOPMENT_TEAM = PG2MG2559L;
				ENABLE_HARDENED_RUNTIME = YES;
				INFOPLIST_FILE = "$(SRCROOT)/OutletMac/Info.plist";
				LD_RUNPATH_SEARCH_PATHS = (
					"$(inherited)",
					"@executable_path/../Frameworks",
				);
				MACOSX_DEPLOYMENT_TARGET = 11.3;
				PRODUCT_BUNDLE_IDENTIFIER = com.msvoboda.outlet;
				PRODUCT_NAME = "$(TARGET_NAME)";
				SWIFT_OBJC_BRIDGING_HEADER = "";
				SWIFT_VERSION = 5.0;
			};
			name = Release;
		};
/* End XCBuildConfiguration section */

/* Begin XCConfigurationList section */
		11DDEEC623A6F9580014C2A6 /* Build configuration list for PBXProject "OutletMac" */ = {
			isa = XCConfigurationList;
			buildConfigurations = (
				11DDEED923A6F9590014C2A6 /* Debug */,
				11DDEEDA23A6F9590014C2A6 /* Release */,
			);
			defaultConfigurationIsVisible = 0;
			defaultConfigurationName = Release;
		};
		11DDEEDB23A6F9590014C2A6 /* Build configuration list for PBXNativeTarget "OutletMac" */ = {
			isa = XCConfigurationList;
			buildConfigurations = (
				11DDEEDC23A6F9590014C2A6 /* Debug */,
				11DDEEDD23A6F9590014C2A6 /* Release */,
			);
			defaultConfigurationIsVisible = 0;
			defaultConfigurationName = Release;
		};
/* End XCConfigurationList section */

/* Begin XCRemoteSwiftPackageReference section */
		D194BEF925E8F83000B4827F /* XCRemoteSwiftPackageReference "LinkedList.git" */ = {
			isa = XCRemoteSwiftPackageReference;
			repositoryURL = "https://github.com/Wildchild9/LinkedList.git";
			requirement = {
				kind = upToNextMajorVersion;
				minimumVersion = 1.0.0;
			};
		};
/* End XCRemoteSwiftPackageReference section */

/* Begin XCSwiftPackageProductDependency section */
		D194BEFA25E8F83000B4827F /* LinkedList */ = {
			isa = XCSwiftPackageProductDependency;
			package = D194BEF925E8F83000B4827F /* XCRemoteSwiftPackageReference "LinkedList.git" */;
			productName = LinkedList;
		};
/* End XCSwiftPackageProductDependency section */
	};
	rootObject = 11DDEEC323A6F9580014C2A6 /* Project object */;
}
