// !$*UTF8*$!
{
	archiveVersion = 1;
	classes = {
	};
	objectVersion = 51;
	objects = {

/* Begin PBXBuildFile section */
		250CFB79C26C9D722A77955C /* Pods_OutletMac.framework in Frameworks */ = {isa = PBXBuildFile; fileRef = 50A201FFF4B039BB7466FCBD /* Pods_OutletMac.framework */; };
		D138ADF225BE31FC00E4F9E4 /* ContainerNode.swift in Sources */ = {isa = PBXBuildFile; fileRef = D138ADF125BE31FC00E4F9E4 /* ContainerNode.swift */; };
		D138ADF525BE342000E4F9E4 /* UserOp.swift in Sources */ = {isa = PBXBuildFile; fileRef = D138ADF425BE342000E4F9E4 /* UserOp.swift */; };
		D138ADF825BE69ED00E4F9E4 /* DecoNode.swift in Sources */ = {isa = PBXBuildFile; fileRef = D138ADF725BE69ED00E4F9E4 /* DecoNode.swift */; };
		D138ADFB25BEC35E00E4F9E4 /* Backend.swift in Sources */ = {isa = PBXBuildFile; fileRef = D138ADFA25BEC35E00E4F9E4 /* Backend.swift */; };
		D138ADFE25BFE8D100E4F9E4 /* DateUtil.swift in Sources */ = {isa = PBXBuildFile; fileRef = D138ADFD25BFE8D100E4F9E4 /* DateUtil.swift */; };
		D138AE0125BFEF8600E4F9E4 /* FilterCriteria.swift in Sources */ = {isa = PBXBuildFile; fileRef = D138AE0025BFEF8600E4F9E4 /* FilterCriteria.swift */; };
		D16839A525AD532800D76169 /* Outlet.pb.swift in Sources */ = {isa = PBXBuildFile; fileRef = D168399F25AD532800D76169 /* Outlet.pb.swift */; };
		D16839A925AD532800D76169 /* Node.pb.swift in Sources */ = {isa = PBXBuildFile; fileRef = D16839A325AD532800D76169 /* Node.pb.swift */; };
		D16839AA25AD532800D76169 /* Outlet.grpc.swift in Sources */ = {isa = PBXBuildFile; fileRef = D16839A125AD532800D76169 /* Outlet.grpc.swift */; };
		D16839AF25AD553A00D76169 /* OutletGRPCClient.swift in Sources */ = {isa = PBXBuildFile; fileRef = D16839AE25AD553A00D76169 /* OutletGRPCClient.swift */; };
		D16839E825AD8D0600D76169 /* SignalConstants.swift in Sources */ = {isa = PBXBuildFile; fileRef = D16839E725AD8D0600D76169 /* SignalConstants.swift */; };
		D1767FCC25B8E0A200B2A4F5 /* GDriveNode.swift in Sources */ = {isa = PBXBuildFile; fileRef = D1767FCB25B8E0A200B2A4F5 /* GDriveNode.swift */; };
		D1767FCF25BA380E00B2A4F5 /* OutletError.swift in Sources */ = {isa = PBXBuildFile; fileRef = D1767FCE25BA380E00B2A4F5 /* OutletError.swift */; };
		D1767FD225BA3A8100B2A4F5 /* DisplayTree.swift in Sources */ = {isa = PBXBuildFile; fileRef = D1767FD125BA3A8100B2A4F5 /* DisplayTree.swift */; };
		D1767FD525BA3B3800B2A4F5 /* NodeIdentifierFactory.swift in Sources */ = {isa = PBXBuildFile; fileRef = D1767FD425BA3B3800B2A4F5 /* NodeIdentifierFactory.swift */; };
		D19C531225AADB3700A90474 /* TreeViewNode.swift in Sources */ = {isa = PBXBuildFile; fileRef = D19C531125AADB3700A90474 /* TreeViewNode.swift */; };
		D19C531525AADB4300A90474 /* TreeViewNodeFactory.swift in Sources */ = {isa = PBXBuildFile; fileRef = D19C531425AADB4300A90474 /* TreeViewNodeFactory.swift */; };
		D1AAE22B25A6ED63005BE680 /* TwoPaneView.swift in Sources */ = {isa = PBXBuildFile; fileRef = D1AAE22A25A6ED63005BE680 /* TwoPaneView.swift */; };
		D1BAC56025A193C800D951A2 /* Assets.xcassets in Resources */ = {isa = PBXBuildFile; fileRef = D1BAC55525A193C700D951A2 /* Assets.xcassets */; };
		D1BAC56125A193C800D951A2 /* DetailView.swift in Sources */ = {isa = PBXBuildFile; fileRef = D1BAC55725A193C800D951A2 /* DetailView.swift */; };
		D1BAC56225A193C800D951A2 /* ExampleData.swift in Sources */ = {isa = PBXBuildFile; fileRef = D1BAC55825A193C800D951A2 /* ExampleData.swift */; };
		D1BAC56325A193C800D951A2 /* OutlineNode.swift in Sources */ = {isa = PBXBuildFile; fileRef = D1BAC55925A193C800D951A2 /* OutlineNode.swift */; };
		D1BAC56425A193C800D951A2 /* SplitView.swift in Sources */ = {isa = PBXBuildFile; fileRef = D1BAC55A25A193C800D951A2 /* SplitView.swift */; };
		D1BAC56525A193C800D951A2 /* OutlineView.swift in Sources */ = {isa = PBXBuildFile; fileRef = D1BAC55B25A193C800D951A2 /* OutlineView.swift */; };
		D1BAC56725A193C800D951A2 /* AppDelegate.swift in Sources */ = {isa = PBXBuildFile; fileRef = D1BAC55E25A193C800D951A2 /* AppDelegate.swift */; };
		D1BAC56825A193C800D951A2 /* ContentView.swift in Sources */ = {isa = PBXBuildFile; fileRef = D1BAC55F25A193C800D951A2 /* ContentView.swift */; };
		D1BAC56C25A1954800D951A2 /* Main.storyboard in Resources */ = {isa = PBXBuildFile; fileRef = D1BAC56B25A1954800D951A2 /* Main.storyboard */; };
		D1CB049E25B182B500556B28 /* NodeIdentifier.swift in Sources */ = {isa = PBXBuildFile; fileRef = D1CB049D25B182B500556B28 /* NodeIdentifier.swift */; };
		D1CB04A125B1832E00556B28 /* GRPCConverter.swift in Sources */ = {isa = PBXBuildFile; fileRef = D1CB04A025B1832E00556B28 /* GRPCConverter.swift */; };
		D1CB04A425B184C100556B28 /* Node.swift in Sources */ = {isa = PBXBuildFile; fileRef = D1CB04A325B184C100556B28 /* Node.swift */; };
		D1E913B625AA6E29008E958B /* UnwrapView.swift in Sources */ = {isa = PBXBuildFile; fileRef = D1E913B525AA6E29008E958B /* UnwrapView.swift */; };
		D1E913BA25AA735C008E958B /* TreeViewController.swift in Sources */ = {isa = PBXBuildFile; fileRef = D1E913B925AA735C008E958B /* TreeViewController.swift */; };
		D1F36C3C25B54E73009498D8 /* Constants.swift in Sources */ = {isa = PBXBuildFile; fileRef = D1F36C3B25B54E73009498D8 /* Constants.swift */; };
		D1F36C3F25B59153009498D8 /* LocalNode.swift in Sources */ = {isa = PBXBuildFile; fileRef = D1F36C3E25B59153009498D8 /* LocalNode.swift */; };
/* End PBXBuildFile section */

/* Begin PBXFileReference section */
		11DDEECB23A6F9580014C2A6 /* OutletMac.app */ = {isa = PBXFileReference; explicitFileType = wrapper.application; includeInIndex = 0; path = OutletMac.app; sourceTree = BUILT_PRODUCTS_DIR; };
		50A201FFF4B039BB7466FCBD /* Pods_OutletMac.framework */ = {isa = PBXFileReference; explicitFileType = wrapper.framework; includeInIndex = 0; path = Pods_OutletMac.framework; sourceTree = BUILT_PRODUCTS_DIR; };
		7F9163E76F32FDC4F899A8CD /* Pods-OutletMac.release.xcconfig */ = {isa = PBXFileReference; includeInIndex = 1; lastKnownFileType = text.xcconfig; name = "Pods-OutletMac.release.xcconfig"; path = "Target Support Files/Pods-OutletMac/Pods-OutletMac.release.xcconfig"; sourceTree = "<group>"; };
		D138ADF125BE31FC00E4F9E4 /* ContainerNode.swift */ = {isa = PBXFileReference; lastKnownFileType = sourcecode.swift; path = ContainerNode.swift; sourceTree = "<group>"; };
		D138ADF425BE342000E4F9E4 /* UserOp.swift */ = {isa = PBXFileReference; lastKnownFileType = sourcecode.swift; path = UserOp.swift; sourceTree = "<group>"; };
		D138ADF725BE69ED00E4F9E4 /* DecoNode.swift */ = {isa = PBXFileReference; lastKnownFileType = sourcecode.swift; path = DecoNode.swift; sourceTree = "<group>"; };
		D138ADFA25BEC35E00E4F9E4 /* Backend.swift */ = {isa = PBXFileReference; lastKnownFileType = sourcecode.swift; path = Backend.swift; sourceTree = "<group>"; };
		D138ADFD25BFE8D100E4F9E4 /* DateUtil.swift */ = {isa = PBXFileReference; lastKnownFileType = sourcecode.swift; path = DateUtil.swift; sourceTree = "<group>"; };
		D138AE0025BFEF8600E4F9E4 /* FilterCriteria.swift */ = {isa = PBXFileReference; lastKnownFileType = sourcecode.swift; path = FilterCriteria.swift; sourceTree = "<group>"; };
		D168399F25AD532800D76169 /* Outlet.pb.swift */ = {isa = PBXFileReference; fileEncoding = 4; lastKnownFileType = sourcecode.swift; path = Outlet.pb.swift; sourceTree = "<group>"; };
		D16839A125AD532800D76169 /* Outlet.grpc.swift */ = {isa = PBXFileReference; fileEncoding = 4; lastKnownFileType = sourcecode.swift; path = Outlet.grpc.swift; sourceTree = "<group>"; };
		D16839A325AD532800D76169 /* Node.pb.swift */ = {isa = PBXFileReference; fileEncoding = 4; lastKnownFileType = sourcecode.swift; path = Node.pb.swift; sourceTree = "<group>"; };
		D16839AE25AD553A00D76169 /* OutletGRPCClient.swift */ = {isa = PBXFileReference; fileEncoding = 4; lastKnownFileType = sourcecode.swift; path = OutletGRPCClient.swift; sourceTree = "<group>"; };
		D16839E725AD8D0600D76169 /* SignalConstants.swift */ = {isa = PBXFileReference; lastKnownFileType = sourcecode.swift; path = SignalConstants.swift; sourceTree = "<group>"; };
		D1767FCB25B8E0A200B2A4F5 /* GDriveNode.swift */ = {isa = PBXFileReference; lastKnownFileType = sourcecode.swift; path = GDriveNode.swift; sourceTree = "<group>"; };
		D1767FCE25BA380E00B2A4F5 /* OutletError.swift */ = {isa = PBXFileReference; lastKnownFileType = sourcecode.swift; path = OutletError.swift; sourceTree = "<group>"; };
		D1767FD125BA3A8100B2A4F5 /* DisplayTree.swift */ = {isa = PBXFileReference; lastKnownFileType = sourcecode.swift; path = DisplayTree.swift; sourceTree = "<group>"; };
		D1767FD425BA3B3800B2A4F5 /* NodeIdentifierFactory.swift */ = {isa = PBXFileReference; lastKnownFileType = sourcecode.swift; path = NodeIdentifierFactory.swift; sourceTree = "<group>"; };
		D19C531125AADB3700A90474 /* TreeViewNode.swift */ = {isa = PBXFileReference; lastKnownFileType = sourcecode.swift; path = TreeViewNode.swift; sourceTree = "<group>"; };
		D19C531425AADB4300A90474 /* TreeViewNodeFactory.swift */ = {isa = PBXFileReference; lastKnownFileType = sourcecode.swift; path = TreeViewNodeFactory.swift; sourceTree = "<group>"; };
		D1AAE22A25A6ED63005BE680 /* TwoPaneView.swift */ = {isa = PBXFileReference; lastKnownFileType = sourcecode.swift; path = TwoPaneView.swift; sourceTree = "<group>"; };
		D1BAC55525A193C700D951A2 /* Assets.xcassets */ = {isa = PBXFileReference; lastKnownFileType = folder.assetcatalog; path = Assets.xcassets; sourceTree = "<group>"; };
		D1BAC55725A193C800D951A2 /* DetailView.swift */ = {isa = PBXFileReference; fileEncoding = 4; lastKnownFileType = sourcecode.swift; path = DetailView.swift; sourceTree = "<group>"; };
		D1BAC55825A193C800D951A2 /* ExampleData.swift */ = {isa = PBXFileReference; fileEncoding = 4; lastKnownFileType = sourcecode.swift; path = ExampleData.swift; sourceTree = "<group>"; };
		D1BAC55925A193C800D951A2 /* OutlineNode.swift */ = {isa = PBXFileReference; fileEncoding = 4; lastKnownFileType = sourcecode.swift; path = OutlineNode.swift; sourceTree = "<group>"; };
		D1BAC55A25A193C800D951A2 /* SplitView.swift */ = {isa = PBXFileReference; fileEncoding = 4; lastKnownFileType = sourcecode.swift; path = SplitView.swift; sourceTree = "<group>"; };
		D1BAC55B25A193C800D951A2 /* OutlineView.swift */ = {isa = PBXFileReference; fileEncoding = 4; lastKnownFileType = sourcecode.swift; path = OutlineView.swift; sourceTree = "<group>"; };
		D1BAC55C25A193C800D951A2 /* Info.plist */ = {isa = PBXFileReference; fileEncoding = 4; lastKnownFileType = text.plist.xml; path = Info.plist; sourceTree = "<group>"; };
		D1BAC55D25A193C800D951A2 /* OutletMac.entitlements */ = {isa = PBXFileReference; fileEncoding = 4; lastKnownFileType = text.plist.entitlements; path = OutletMac.entitlements; sourceTree = "<group>"; };
		D1BAC55E25A193C800D951A2 /* AppDelegate.swift */ = {isa = PBXFileReference; fileEncoding = 4; lastKnownFileType = sourcecode.swift; path = AppDelegate.swift; sourceTree = "<group>"; };
		D1BAC55F25A193C800D951A2 /* ContentView.swift */ = {isa = PBXFileReference; fileEncoding = 4; lastKnownFileType = sourcecode.swift; path = ContentView.swift; sourceTree = "<group>"; };
		D1BAC56B25A1954800D951A2 /* Main.storyboard */ = {isa = PBXFileReference; fileEncoding = 4; lastKnownFileType = file.storyboard; path = Main.storyboard; sourceTree = "<group>"; };
		D1CB049D25B182B500556B28 /* NodeIdentifier.swift */ = {isa = PBXFileReference; lastKnownFileType = sourcecode.swift; path = NodeIdentifier.swift; sourceTree = "<group>"; };
		D1CB04A025B1832E00556B28 /* GRPCConverter.swift */ = {isa = PBXFileReference; lastKnownFileType = sourcecode.swift; path = GRPCConverter.swift; sourceTree = "<group>"; };
		D1CB04A325B184C100556B28 /* Node.swift */ = {isa = PBXFileReference; lastKnownFileType = sourcecode.swift; path = Node.swift; sourceTree = "<group>"; };
		D1E913B525AA6E29008E958B /* UnwrapView.swift */ = {isa = PBXFileReference; lastKnownFileType = sourcecode.swift; path = UnwrapView.swift; sourceTree = "<group>"; };
		D1E913B925AA735C008E958B /* TreeViewController.swift */ = {isa = PBXFileReference; lastKnownFileType = sourcecode.swift; path = TreeViewController.swift; sourceTree = "<group>"; };
		D1F36C3B25B54E73009498D8 /* Constants.swift */ = {isa = PBXFileReference; lastKnownFileType = sourcecode.swift; path = Constants.swift; sourceTree = "<group>"; };
		D1F36C3E25B59153009498D8 /* LocalNode.swift */ = {isa = PBXFileReference; lastKnownFileType = sourcecode.swift; path = LocalNode.swift; sourceTree = "<group>"; };
		E31A382CA56AD9D67A485824 /* Pods-OutletMac.debug.xcconfig */ = {isa = PBXFileReference; includeInIndex = 1; lastKnownFileType = text.xcconfig; name = "Pods-OutletMac.debug.xcconfig"; path = "Target Support Files/Pods-OutletMac/Pods-OutletMac.debug.xcconfig"; sourceTree = "<group>"; };
/* End PBXFileReference section */

/* Begin PBXFrameworksBuildPhase section */
		11DDEEC823A6F9580014C2A6 /* Frameworks */ = {
			isa = PBXFrameworksBuildPhase;
			buildActionMask = 2147483647;
			files = (
				250CFB79C26C9D722A77955C /* Pods_OutletMac.framework in Frameworks */,
			);
			runOnlyForDeploymentPostprocessing = 0;
		};
/* End PBXFrameworksBuildPhase section */

/* Begin PBXGroup section */
		11DDEEC223A6F9580014C2A6 = {
			isa = PBXGroup;
			children = (
				11DDEECD23A6F9580014C2A6 /* OutletMac */,
				11DDEECC23A6F9580014C2A6 /* Products */,
				AF70D03E5BE3D869EFAED087 /* Pods */,
				4A85D5C8E87F106F79702B9F /* Frameworks */,
			);
			sourceTree = "<group>";
		};
		11DDEECC23A6F9580014C2A6 /* Products */ = {
			isa = PBXGroup;
			children = (
				11DDEECB23A6F9580014C2A6 /* OutletMac.app */,
			);
			name = Products;
			sourceTree = "<group>";
		};
		11DDEECD23A6F9580014C2A6 /* OutletMac */ = {
			isa = PBXGroup;
			children = (
				D1CB049C25B182A000556B28 /* Model */,
				D168399E25AD532800D76169 /* grpc */,
				D1E913B825AA7342008E958B /* TreeView */,
				D1BAC56B25A1954800D951A2 /* Main.storyboard */,
				D1BAC55E25A193C800D951A2 /* AppDelegate.swift */,
				D1BAC55525A193C700D951A2 /* Assets.xcassets */,
				D1BAC55F25A193C800D951A2 /* ContentView.swift */,
				D1BAC55C25A193C800D951A2 /* Info.plist */,
				D1BAC55D25A193C800D951A2 /* OutletMac.entitlements */,
				D1BAC55625A193C800D951A2 /* OutlineView */,
				D1E913B525AA6E29008E958B /* UnwrapView.swift */,
				D1F36C3B25B54E73009498D8 /* Constants.swift */,
				D138ADFA25BEC35E00E4F9E4 /* Backend.swift */,
				D138ADFD25BFE8D100E4F9E4 /* DateUtil.swift */,
			);
			path = OutletMac;
			sourceTree = "<group>";
		};
		4A85D5C8E87F106F79702B9F /* Frameworks */ = {
			isa = PBXGroup;
			children = (
				50A201FFF4B039BB7466FCBD /* Pods_OutletMac.framework */,
			);
			name = Frameworks;
			sourceTree = "<group>";
		};
		AF70D03E5BE3D869EFAED087 /* Pods */ = {
			isa = PBXGroup;
			children = (
				E31A382CA56AD9D67A485824 /* Pods-OutletMac.debug.xcconfig */,
				7F9163E76F32FDC4F899A8CD /* Pods-OutletMac.release.xcconfig */,
			);
			path = Pods;
			sourceTree = "<group>";
		};
		D168399E25AD532800D76169 /* grpc */ = {
			isa = PBXGroup;
			children = (
				D16839AE25AD553A00D76169 /* OutletGRPCClient.swift */,
				D16839AD25AD551100D76169 /* generated */,
				D16839E725AD8D0600D76169 /* SignalConstants.swift */,
				D1CB04A025B1832E00556B28 /* GRPCConverter.swift */,
			);
			path = grpc;
			sourceTree = "<group>";
		};
		D16839AD25AD551100D76169 /* generated */ = {
			isa = PBXGroup;
			children = (
				D168399F25AD532800D76169 /* Outlet.pb.swift */,
				D16839A325AD532800D76169 /* Node.pb.swift */,
				D16839A125AD532800D76169 /* Outlet.grpc.swift */,
			);
			path = generated;
			sourceTree = "<group>";
		};
		D1BAC55625A193C800D951A2 /* OutlineView */ = {
			isa = PBXGroup;
			children = (
				D1BAC55725A193C800D951A2 /* DetailView.swift */,
				D1BAC55825A193C800D951A2 /* ExampleData.swift */,
				D1BAC55925A193C800D951A2 /* OutlineNode.swift */,
				D1BAC55A25A193C800D951A2 /* SplitView.swift */,
				D1BAC55B25A193C800D951A2 /* OutlineView.swift */,
				D1AAE22A25A6ED63005BE680 /* TwoPaneView.swift */,
			);
			path = OutlineView;
			sourceTree = "<group>";
		};
		D1CB049C25B182A000556B28 /* Model */ = {
			isa = PBXGroup;
			children = (
				D1CB049D25B182B500556B28 /* NodeIdentifier.swift */,
				D1CB04A325B184C100556B28 /* Node.swift */,
				D1F36C3E25B59153009498D8 /* LocalNode.swift */,
				D1767FCB25B8E0A200B2A4F5 /* GDriveNode.swift */,
				D1767FCE25BA380E00B2A4F5 /* OutletError.swift */,
				D1767FD125BA3A8100B2A4F5 /* DisplayTree.swift */,
				D1767FD425BA3B3800B2A4F5 /* NodeIdentifierFactory.swift */,
				D138ADF125BE31FC00E4F9E4 /* ContainerNode.swift */,
				D138ADF425BE342000E4F9E4 /* UserOp.swift */,
				D138ADF725BE69ED00E4F9E4 /* DecoNode.swift */,
				D138AE0025BFEF8600E4F9E4 /* FilterCriteria.swift */,
			);
			path = Model;
			sourceTree = "<group>";
		};
		D1E913B825AA7342008E958B /* TreeView */ = {
			isa = PBXGroup;
			children = (
				D1E913B925AA735C008E958B /* TreeViewController.swift */,
				D19C531125AADB3700A90474 /* TreeViewNode.swift */,
				D19C531425AADB4300A90474 /* TreeViewNodeFactory.swift */,
			);
			path = TreeView;
			sourceTree = "<group>";
		};
/* End PBXGroup section */

/* Begin PBXNativeTarget section */
		11DDEECA23A6F9580014C2A6 /* OutletMac */ = {
			isa = PBXNativeTarget;
			buildConfigurationList = 11DDEEDB23A6F9590014C2A6 /* Build configuration list for PBXNativeTarget "OutletMac" */;
			buildPhases = (
				C9B28393C8FA0BD63B84594E /* [CP] Check Pods Manifest.lock */,
				11DDEEC723A6F9580014C2A6 /* Sources */,
				11DDEEC823A6F9580014C2A6 /* Frameworks */,
				11DDEEC923A6F9580014C2A6 /* Resources */,
				E8CA40111CF2ED333ED7227F /* [CP] Embed Pods Frameworks */,
			);
			buildRules = (
			);
			dependencies = (
			);
			name = OutletMac;
			productName = tree_viewer;
			productReference = 11DDEECB23A6F9580014C2A6 /* OutletMac.app */;
			productType = "com.apple.product-type.application";
		};
/* End PBXNativeTarget section */

/* Begin PBXProject section */
		11DDEEC323A6F9580014C2A6 /* Project object */ = {
			isa = PBXProject;
			attributes = {
				LastSwiftUpdateCheck = 1120;
				LastUpgradeCheck = 1230;
				ORGANIZATIONNAME = Ibotta;
				TargetAttributes = {
					11DDEECA23A6F9580014C2A6 = {
						CreatedOnToolsVersion = 11.2.1;
						LastSwiftMigration = 1230;
					};
				};
			};
			buildConfigurationList = 11DDEEC623A6F9580014C2A6 /* Build configuration list for PBXProject "OutletMac" */;
			compatibilityVersion = "Xcode 9.3";
			developmentRegion = en;
			hasScannedForEncodings = 0;
			knownRegions = (
				en,
				Base,
			);
			mainGroup = 11DDEEC223A6F9580014C2A6;
			productRefGroup = 11DDEECC23A6F9580014C2A6 /* Products */;
			projectDirPath = "";
			projectRoot = "";
			targets = (
				11DDEECA23A6F9580014C2A6 /* OutletMac */,
			);
		};
/* End PBXProject section */

/* Begin PBXResourcesBuildPhase section */
		11DDEEC923A6F9580014C2A6 /* Resources */ = {
			isa = PBXResourcesBuildPhase;
			buildActionMask = 2147483647;
			files = (
				D1BAC56C25A1954800D951A2 /* Main.storyboard in Resources */,
				D1BAC56025A193C800D951A2 /* Assets.xcassets in Resources */,
			);
			runOnlyForDeploymentPostprocessing = 0;
		};
/* End PBXResourcesBuildPhase section */

/* Begin PBXShellScriptBuildPhase section */
		C9B28393C8FA0BD63B84594E /* [CP] Check Pods Manifest.lock */ = {
			isa = PBXShellScriptBuildPhase;
			buildActionMask = 2147483647;
			files = (
			);
			inputFileListPaths = (
			);
			inputPaths = (
				"${PODS_PODFILE_DIR_PATH}/Podfile.lock",
				"${PODS_ROOT}/Manifest.lock",
			);
			name = "[CP] Check Pods Manifest.lock";
			outputFileListPaths = (
			);
			outputPaths = (
				"$(DERIVED_FILE_DIR)/Pods-OutletMac-checkManifestLockResult.txt",
			);
			runOnlyForDeploymentPostprocessing = 0;
			shellPath = /bin/sh;
			shellScript = "diff \"${PODS_PODFILE_DIR_PATH}/Podfile.lock\" \"${PODS_ROOT}/Manifest.lock\" > /dev/null\nif [ $? != 0 ] ; then\n    # print error to STDERR\n    echo \"error: The sandbox is not in sync with the Podfile.lock. Run 'pod install' or update your CocoaPods installation.\" >&2\n    exit 1\nfi\n# This output is used by Xcode 'outputs' to avoid re-running this script phase.\necho \"SUCCESS\" > \"${SCRIPT_OUTPUT_FILE_0}\"\n";
			showEnvVarsInLog = 0;
		};
		E8CA40111CF2ED333ED7227F /* [CP] Embed Pods Frameworks */ = {
			isa = PBXShellScriptBuildPhase;
			buildActionMask = 2147483647;
			files = (
			);
			inputFileListPaths = (
				"${PODS_ROOT}/Target Support Files/Pods-OutletMac/Pods-OutletMac-frameworks-${CONFIGURATION}-input-files.xcfilelist",
			);
			name = "[CP] Embed Pods Frameworks";
			outputFileListPaths = (
				"${PODS_ROOT}/Target Support Files/Pods-OutletMac/Pods-OutletMac-frameworks-${CONFIGURATION}-output-files.xcfilelist",
			);
			runOnlyForDeploymentPostprocessing = 0;
			shellPath = /bin/sh;
			shellScript = "\"${PODS_ROOT}/Target Support Files/Pods-OutletMac/Pods-OutletMac-frameworks.sh\"\n";
			showEnvVarsInLog = 0;
		};
/* End PBXShellScriptBuildPhase section */

/* Begin PBXSourcesBuildPhase section */
		11DDEEC723A6F9580014C2A6 /* Sources */ = {
			isa = PBXSourcesBuildPhase;
			buildActionMask = 2147483647;
			files = (
				D1BAC56725A193C800D951A2 /* AppDelegate.swift in Sources */,
				D16839A525AD532800D76169 /* Outlet.pb.swift in Sources */,
				D16839E825AD8D0600D76169 /* SignalConstants.swift in Sources */,
				D1767FD525BA3B3800B2A4F5 /* NodeIdentifierFactory.swift in Sources */,
				D1767FCF25BA380E00B2A4F5 /* OutletError.swift in Sources */,
				D138ADF525BE342000E4F9E4 /* UserOp.swift in Sources */,
				D138ADF825BE69ED00E4F9E4 /* DecoNode.swift in Sources */,
				D1E913BA25AA735C008E958B /* TreeViewController.swift in Sources */,
				D138AE0125BFEF8600E4F9E4 /* FilterCriteria.swift in Sources */,
				D1CB049E25B182B500556B28 /* NodeIdentifier.swift in Sources */,
				D1E913B625AA6E29008E958B /* UnwrapView.swift in Sources */,
				D1CB04A125B1832E00556B28 /* GRPCConverter.swift in Sources */,
				D19C531225AADB3700A90474 /* TreeViewNode.swift in Sources */,
				D1BAC56225A193C800D951A2 /* ExampleData.swift in Sources */,
				D1BAC56825A193C800D951A2 /* ContentView.swift in Sources */,
				D138ADFB25BEC35E00E4F9E4 /* Backend.swift in Sources */,
				D19C531525AADB4300A90474 /* TreeViewNodeFactory.swift in Sources */,
				D1F36C3C25B54E73009498D8 /* Constants.swift in Sources */,
				D1CB04A425B184C100556B28 /* Node.swift in Sources */,
				D1767FD225BA3A8100B2A4F5 /* DisplayTree.swift in Sources */,
				D1BAC56425A193C800D951A2 /* SplitView.swift in Sources */,
				D1BAC56325A193C800D951A2 /* OutlineNode.swift in Sources */,
				D138ADF225BE31FC00E4F9E4 /* ContainerNode.swift in Sources */,
				D138ADFE25BFE8D100E4F9E4 /* DateUtil.swift in Sources */,
				D1AAE22B25A6ED63005BE680 /* TwoPaneView.swift in Sources */,
				D1BAC56525A193C800D951A2 /* OutlineView.swift in Sources */,
				D1F36C3F25B59153009498D8 /* LocalNode.swift in Sources */,
				D16839A925AD532800D76169 /* Node.pb.swift in Sources */,
				D1767FCC25B8E0A200B2A4F5 /* GDriveNode.swift in Sources */,
				D16839AA25AD532800D76169 /* Outlet.grpc.swift in Sources */,
				D1BAC56125A193C800D951A2 /* DetailView.swift in Sources */,
				D16839AF25AD553A00D76169 /* OutletGRPCClient.swift in Sources */,
			);
			runOnlyForDeploymentPostprocessing = 0;
		};
/* End PBXSourcesBuildPhase section */

/* Begin XCBuildConfiguration section */
		11DDEED923A6F9590014C2A6 /* Debug */ = {
			isa = XCBuildConfiguration;
			buildSettings = {
				ALWAYS_SEARCH_USER_PATHS = NO;
				CLANG_ANALYZER_NONNULL = YES;
				CLANG_ANALYZER_NUMBER_OBJECT_CONVERSION = YES_AGGRESSIVE;
				CLANG_CXX_LANGUAGE_STANDARD = "gnu++14";
				CLANG_CXX_LIBRARY = "libc++";
				CLANG_ENABLE_MODULES = YES;
				CLANG_ENABLE_OBJC_ARC = YES;
				CLANG_ENABLE_OBJC_WEAK = YES;
				CLANG_WARN_BLOCK_CAPTURE_AUTORELEASING = YES;
				CLANG_WARN_BOOL_CONVERSION = YES;
				CLANG_WARN_COMMA = YES;
				CLANG_WARN_CONSTANT_CONVERSION = YES;
				CLANG_WARN_DEPRECATED_OBJC_IMPLEMENTATIONS = YES;
				CLANG_WARN_DIRECT_OBJC_ISA_USAGE = YES_ERROR;
				CLANG_WARN_DOCUMENTATION_COMMENTS = YES;
				CLANG_WARN_EMPTY_BODY = YES;
				CLANG_WARN_ENUM_CONVERSION = YES;
				CLANG_WARN_INFINITE_RECURSION = YES;
				CLANG_WARN_INT_CONVERSION = YES;
				CLANG_WARN_NON_LITERAL_NULL_CONVERSION = YES;
				CLANG_WARN_OBJC_IMPLICIT_RETAIN_SELF = YES;
				CLANG_WARN_OBJC_LITERAL_CONVERSION = YES;
				CLANG_WARN_OBJC_ROOT_CLASS = YES_ERROR;
				CLANG_WARN_RANGE_LOOP_ANALYSIS = YES;
				CLANG_WARN_STRICT_PROTOTYPES = YES;
				CLANG_WARN_SUSPICIOUS_MOVE = YES;
				CLANG_WARN_UNGUARDED_AVAILABILITY = YES_AGGRESSIVE;
				CLANG_WARN_UNREACHABLE_CODE = YES;
				CLANG_WARN__DUPLICATE_METHOD_MATCH = YES;
				COPY_PHASE_STRIP = NO;
				DEBUG_INFORMATION_FORMAT = dwarf;
				ENABLE_STRICT_OBJC_MSGSEND = YES;
				ENABLE_TESTABILITY = YES;
				GCC_C_LANGUAGE_STANDARD = gnu11;
				GCC_DYNAMIC_NO_PIC = NO;
				GCC_NO_COMMON_BLOCKS = YES;
				GCC_OPTIMIZATION_LEVEL = 0;
				GCC_PREPROCESSOR_DEFINITIONS = (
					"DEBUG=1",
					"$(inherited)",
				);
				GCC_WARN_64_TO_32_BIT_CONVERSION = YES;
				GCC_WARN_ABOUT_RETURN_TYPE = YES_ERROR;
				GCC_WARN_UNDECLARED_SELECTOR = YES;
				GCC_WARN_UNINITIALIZED_AUTOS = YES_AGGRESSIVE;
				GCC_WARN_UNUSED_FUNCTION = YES;
				GCC_WARN_UNUSED_VARIABLE = YES;
				MACOSX_DEPLOYMENT_TARGET = 10.15;
				MTL_ENABLE_DEBUG_INFO = INCLUDE_SOURCE;
				MTL_FAST_MATH = YES;
				ONLY_ACTIVE_ARCH = YES;
				SDKROOT = macosx;
				SWIFT_ACTIVE_COMPILATION_CONDITIONS = DEBUG;
				SWIFT_OPTIMIZATION_LEVEL = "-Onone";
			};
			name = Debug;
		};
		11DDEEDA23A6F9590014C2A6 /* Release */ = {
			isa = XCBuildConfiguration;
			buildSettings = {
				ALWAYS_SEARCH_USER_PATHS = NO;
				CLANG_ANALYZER_NONNULL = YES;
				CLANG_ANALYZER_NUMBER_OBJECT_CONVERSION = YES_AGGRESSIVE;
				CLANG_CXX_LANGUAGE_STANDARD = "gnu++14";
				CLANG_CXX_LIBRARY = "libc++";
				CLANG_ENABLE_MODULES = YES;
				CLANG_ENABLE_OBJC_ARC = YES;
				CLANG_ENABLE_OBJC_WEAK = YES;
				CLANG_WARN_BLOCK_CAPTURE_AUTORELEASING = YES;
				CLANG_WARN_BOOL_CONVERSION = YES;
				CLANG_WARN_COMMA = YES;
				CLANG_WARN_CONSTANT_CONVERSION = YES;
				CLANG_WARN_DEPRECATED_OBJC_IMPLEMENTATIONS = YES;
				CLANG_WARN_DIRECT_OBJC_ISA_USAGE = YES_ERROR;
				CLANG_WARN_DOCUMENTATION_COMMENTS = YES;
				CLANG_WARN_EMPTY_BODY = YES;
				CLANG_WARN_ENUM_CONVERSION = YES;
				CLANG_WARN_INFINITE_RECURSION = YES;
				CLANG_WARN_INT_CONVERSION = YES;
				CLANG_WARN_NON_LITERAL_NULL_CONVERSION = YES;
				CLANG_WARN_OBJC_IMPLICIT_RETAIN_SELF = YES;
				CLANG_WARN_OBJC_LITERAL_CONVERSION = YES;
				CLANG_WARN_OBJC_ROOT_CLASS = YES_ERROR;
				CLANG_WARN_RANGE_LOOP_ANALYSIS = YES;
				CLANG_WARN_STRICT_PROTOTYPES = YES;
				CLANG_WARN_SUSPICIOUS_MOVE = YES;
				CLANG_WARN_UNGUARDED_AVAILABILITY = YES_AGGRESSIVE;
				CLANG_WARN_UNREACHABLE_CODE = YES;
				CLANG_WARN__DUPLICATE_METHOD_MATCH = YES;
				COPY_PHASE_STRIP = NO;
				DEBUG_INFORMATION_FORMAT = "dwarf-with-dsym";
				ENABLE_NS_ASSERTIONS = NO;
				ENABLE_STRICT_OBJC_MSGSEND = YES;
				GCC_C_LANGUAGE_STANDARD = gnu11;
				GCC_NO_COMMON_BLOCKS = YES;
				GCC_WARN_64_TO_32_BIT_CONVERSION = YES;
				GCC_WARN_ABOUT_RETURN_TYPE = YES_ERROR;
				GCC_WARN_UNDECLARED_SELECTOR = YES;
				GCC_WARN_UNINITIALIZED_AUTOS = YES_AGGRESSIVE;
				GCC_WARN_UNUSED_FUNCTION = YES;
				GCC_WARN_UNUSED_VARIABLE = YES;
				MACOSX_DEPLOYMENT_TARGET = 10.15;
				MTL_ENABLE_DEBUG_INFO = NO;
				MTL_FAST_MATH = YES;
				SDKROOT = macosx;
				SWIFT_COMPILATION_MODE = wholemodule;
				SWIFT_OPTIMIZATION_LEVEL = "-O";
			};
			name = Release;
		};
		11DDEEDC23A6F9590014C2A6 /* Debug */ = {
			isa = XCBuildConfiguration;
			baseConfigurationReference = E31A382CA56AD9D67A485824 /* Pods-OutletMac.debug.xcconfig */;
			buildSettings = {
				ASSETCATALOG_COMPILER_APPICON_NAME = AppIcon;
				CLANG_ENABLE_MODULES = YES;
				CODE_SIGN_ENTITLEMENTS = OutletMac/OutletMac.entitlements;
				CODE_SIGN_STYLE = Automatic;
				COMBINE_HIDPI_IMAGES = YES;
				DEVELOPMENT_TEAM = "";
				ENABLE_HARDENED_RUNTIME = YES;
				INFOPLIST_FILE = "$(SRCROOT)/OutletMac/Info.plist";
				LD_RUNPATH_SEARCH_PATHS = (
					"$(inherited)",
					"@executable_path/../Frameworks",
				);
				PRODUCT_BUNDLE_IDENTIFIER = com.msvoboda.outlet;
				PRODUCT_NAME = "$(TARGET_NAME)";
				SWIFT_OBJC_BRIDGING_HEADER = "";
				SWIFT_OPTIMIZATION_LEVEL = "-Onone";
				SWIFT_VERSION = 5.0;
			};
			name = Debug;
		};
		11DDEEDD23A6F9590014C2A6 /* Release */ = {
			isa = XCBuildConfiguration;
			baseConfigurationReference = 7F9163E76F32FDC4F899A8CD /* Pods-OutletMac.release.xcconfig */;
			buildSettings = {
				ASSETCATALOG_COMPILER_APPICON_NAME = AppIcon;
				CLANG_ENABLE_MODULES = YES;
				CODE_SIGN_ENTITLEMENTS = OutletMac/OutletMac.entitlements;
				CODE_SIGN_STYLE = Automatic;
				COMBINE_HIDPI_IMAGES = YES;
				DEVELOPMENT_TEAM = "";
				ENABLE_HARDENED_RUNTIME = YES;
				INFOPLIST_FILE = "$(SRCROOT)/OutletMac/Info.plist";
				LD_RUNPATH_SEARCH_PATHS = (
					"$(inherited)",
					"@executable_path/../Frameworks",
				);
				PRODUCT_BUNDLE_IDENTIFIER = com.msvoboda.outlet;
				PRODUCT_NAME = "$(TARGET_NAME)";
				SWIFT_OBJC_BRIDGING_HEADER = "";
				SWIFT_VERSION = 5.0;
			};
			name = Release;
		};
/* End XCBuildConfiguration section */

/* Begin XCConfigurationList section */
		11DDEEC623A6F9580014C2A6 /* Build configuration list for PBXProject "OutletMac" */ = {
			isa = XCConfigurationList;
			buildConfigurations = (
				11DDEED923A6F9590014C2A6 /* Debug */,
				11DDEEDA23A6F9590014C2A6 /* Release */,
			);
			defaultConfigurationIsVisible = 0;
			defaultConfigurationName = Release;
		};
		11DDEEDB23A6F9590014C2A6 /* Build configuration list for PBXNativeTarget "OutletMac" */ = {
			isa = XCConfigurationList;
			buildConfigurations = (
				11DDEEDC23A6F9590014C2A6 /* Debug */,
				11DDEEDD23A6F9590014C2A6 /* Release */,
			);
			defaultConfigurationIsVisible = 0;
			defaultConfigurationName = Release;
		};
/* End XCConfigurationList section */
	};
	rootObject = 11DDEEC323A6F9580014C2A6 /* Project object */;
}
